// !$*UTF8*$!
{
	archiveVersion = 1;
	classes = {
	};
	objectVersion = 50;
	objects = {

/* Begin PBXBuildFile section */
		1ED93E2021E4499200F82229 /* main.m in Sources */ = {isa = PBXBuildFile; fileRef = 1ED93E1F21E4499200F82229 /* main.m */; };
		1ED93EC921E449C000F82229 /* CFBurstTrie.c in Sources */ = {isa = PBXBuildFile; fileRef = 1ED93E2821E449B500F82229 /* CFBurstTrie.c */; };
		1ED93ECA21E449C000F82229 /* CFBuiltinConverters.c in Sources */ = {isa = PBXBuildFile; fileRef = 1ED93E2921E449B500F82229 /* CFBuiltinConverters.c */; };
		1ED93ECB21E449C000F82229 /* CFMessagePort.c in Sources */ = {isa = PBXBuildFile; fileRef = 1ED93E2B21E449B500F82229 /* CFMessagePort.c */; };
		1ED93ECC21E449C000F82229 /* CFUnicodeDecomposition.c in Sources */ = {isa = PBXBuildFile; fileRef = 1ED93E2C21E449B500F82229 /* CFUnicodeDecomposition.c */; };
		1ED93ECD21E449C000F82229 /* CFFileUtilities.c in Sources */ = {isa = PBXBuildFile; fileRef = 1ED93E2D21E449B500F82229 /* CFFileUtilities.c */; };
		1ED93ECE21E449C000F82229 /* CFConcreteStreams.c in Sources */ = {isa = PBXBuildFile; fileRef = 1ED93E2E21E449B500F82229 /* CFConcreteStreams.c */; };
		1ED93ECF21E449C000F82229 /* CFBase.c in Sources */ = {isa = PBXBuildFile; fileRef = 1ED93E3021E449B500F82229 /* CFBase.c */; };
		1ED93ED021E449C000F82229 /* CFRunLoop.c in Sources */ = {isa = PBXBuildFile; fileRef = 1ED93E3221E449B500F82229 /* CFRunLoop.c */; };
		1ED93ED121E449C000F82229 /* CFBasicHashFindBucket.m in Sources */ = {isa = PBXBuildFile; fileRef = 1ED93E3421E449B500F82229 /* CFBasicHashFindBucket.m */; };
		1ED93ED221E449C000F82229 /* CFBundle_Resources.c in Sources */ = {isa = PBXBuildFile; fileRef = 1ED93E3721E449B500F82229 /* CFBundle_Resources.c */; };
		1ED93ED321E449C000F82229 /* CFStringEncodingConverter.c in Sources */ = {isa = PBXBuildFile; fileRef = 1ED93E3821E449B500F82229 /* CFStringEncodingConverter.c */; };
		1ED93ED421E449C000F82229 /* CFUnicodePrecomposition.c in Sources */ = {isa = PBXBuildFile; fileRef = 1ED93E3921E449B500F82229 /* CFUnicodePrecomposition.c */; };
		1ED93ED521E449C000F82229 /* CFBitVector.c in Sources */ = {isa = PBXBuildFile; fileRef = 1ED93E3C21E449B500F82229 /* CFBitVector.c */; };
		1ED93ED621E449C000F82229 /* CFStringEncodingDatabase.c in Sources */ = {isa = PBXBuildFile; fileRef = 1ED93E3F21E449B600F82229 /* CFStringEncodingDatabase.c */; };
		1ED93ED721E449C000F82229 /* CFTimeZone.c in Sources */ = {isa = PBXBuildFile; fileRef = 1ED93E4121E449B600F82229 /* CFTimeZone.c */; };
		1ED93ED821E449C000F82229 /* CFSystemDirectories.c in Sources */ = {isa = PBXBuildFile; fileRef = 1ED93E4221E449B600F82229 /* CFSystemDirectories.c */; };
		1ED93ED921E449C000F82229 /* CFBundle_InfoPlist.c in Sources */ = {isa = PBXBuildFile; fileRef = 1ED93E4421E449B600F82229 /* CFBundle_InfoPlist.c */; };
		1ED93EDA21E449C000F82229 /* CFLocale.c in Sources */ = {isa = PBXBuildFile; fileRef = 1ED93E4521E449B600F82229 /* CFLocale.c */; };
		1ED93EDB21E449C000F82229 /* CFWindowsUtilities.c in Sources */ = {isa = PBXBuildFile; fileRef = 1ED93E4921E449B600F82229 /* CFWindowsUtilities.c */; };
		1ED93EDC21E449C000F82229 /* CFXMLInputStream.c in Sources */ = {isa = PBXBuildFile; fileRef = 1ED93E4A21E449B600F82229 /* CFXMLInputStream.c */; };
		1ED93EDD21E449C000F82229 /* CFDictionary.c in Sources */ = {isa = PBXBuildFile; fileRef = 1ED93E4C21E449B700F82229 /* CFDictionary.c */; };
		1ED93EDE21E449C000F82229 /* CFPreferences.c in Sources */ = {isa = PBXBuildFile; fileRef = 1ED93E5121E449B700F82229 /* CFPreferences.c */; };
		1ED93EDF21E449C000F82229 /* CFPlugIn_Instance.c in Sources */ = {isa = PBXBuildFile; fileRef = 1ED93E5821E449B700F82229 /* CFPlugIn_Instance.c */; };
		1ED93EE021E449C000F82229 /* plconvert.c in Sources */ = {isa = PBXBuildFile; fileRef = 1ED93E5B21E449B800F82229 /* plconvert.c */; };
		1ED93EE121E449C000F82229 /* CFStream.c in Sources */ = {isa = PBXBuildFile; fileRef = 1ED93E6121E449B800F82229 /* CFStream.c */; };
		1ED93EE221E449C000F82229 /* CFPropertyList.c in Sources */ = {isa = PBXBuildFile; fileRef = 1ED93E6821E449B900F82229 /* CFPropertyList.c */; };
		1ED93EE321E449C000F82229 /* CFUUID.c in Sources */ = {isa = PBXBuildFile; fileRef = 1ED93E6B21E449B900F82229 /* CFUUID.c */; };
		1ED93EE421E449C000F82229 /* CFDate.c in Sources */ = {isa = PBXBuildFile; fileRef = 1ED93E7421E449B900F82229 /* CFDate.c */; };
		1ED93EE521E449C000F82229 /* CFBinaryPList.c in Sources */ = {isa = PBXBuildFile; fileRef = 1ED93E7521E449BA00F82229 /* CFBinaryPList.c */; };
		1ED93EE621E449C000F82229 /* CFOldStylePList.c in Sources */ = {isa = PBXBuildFile; fileRef = 1ED93E7721E449BA00F82229 /* CFOldStylePList.c */; };
		1ED93EE721E449C000F82229 /* CFICUConverters.c in Sources */ = {isa = PBXBuildFile; fileRef = 1ED93E7821E449BA00F82229 /* CFICUConverters.c */; };
		1ED93EE821E449C000F82229 /* CFString.c in Sources */ = {isa = PBXBuildFile; fileRef = 1ED93E7921E449BA00F82229 /* CFString.c */; };
		1ED93EE921E449C000F82229 /* CFXMLNode.c in Sources */ = {isa = PBXBuildFile; fileRef = 1ED93E7A21E449BA00F82229 /* CFXMLNode.c */; };
		1ED93EEA21E449C000F82229 /* CFArray.c in Sources */ = {isa = PBXBuildFile; fileRef = 1ED93E7B21E449BA00F82229 /* CFArray.c */; };
		1ED93EEB21E449C000F82229 /* CFPlugIn_Factory.c in Sources */ = {isa = PBXBuildFile; fileRef = 1ED93E7C21E449BA00F82229 /* CFPlugIn_Factory.c */; };
		1ED93EEC21E449C000F82229 /* CFCharacterSet.c in Sources */ = {isa = PBXBuildFile; fileRef = 1ED93E7F21E449BA00F82229 /* CFCharacterSet.c */; };
		1ED93EED21E449C000F82229 /* CFStringEncodings.c in Sources */ = {isa = PBXBuildFile; fileRef = 1ED93E8121E449BA00F82229 /* CFStringEncodings.c */; };
		1ED93EEE21E449C100F82229 /* CFSocketStream.c in Sources */ = {isa = PBXBuildFile; fileRef = 1ED93E8421E449BB00F82229 /* CFSocketStream.c */; };
		1ED93EEF21E449C100F82229 /* CFUserNotification.c in Sources */ = {isa = PBXBuildFile; fileRef = 1ED93E8621E449BB00F82229 /* CFUserNotification.c */; };
		1ED93EF021E449C100F82229 /* CFCalendar.c in Sources */ = {isa = PBXBuildFile; fileRef = 1ED93E8721E449BB00F82229 /* CFCalendar.c */; };
		1ED93EF121E449C100F82229 /* CFBundle.c in Sources */ = {isa = PBXBuildFile; fileRef = 1ED93E8821E449BB00F82229 /* CFBundle.c */; };
		1ED93EF221E449C100F82229 /* CFXMLParser.c in Sources */ = {isa = PBXBuildFile; fileRef = 1ED93E8A21E449BB00F82229 /* CFXMLParser.c */; };
		1ED93EF321E449C100F82229 /* CFMachPort.c in Sources */ = {isa = PBXBuildFile; fileRef = 1ED93E8B21E449BB00F82229 /* CFMachPort.c */; };
		1ED93EF421E449C100F82229 /* CFRuntime.c in Sources */ = {isa = PBXBuildFile; fileRef = 1ED93E8C21E449BC00F82229 /* CFRuntime.c */; };
		1ED93EF521E449C100F82229 /* CFVersion.c in Sources */ = {isa = PBXBuildFile; fileRef = 1ED93E8E21E449BC00F82229 /* CFVersion.c */; };
		1ED93EF621E449C100F82229 /* CFBinaryHeap.c in Sources */ = {isa = PBXBuildFile; fileRef = 1ED93E9021E449BC00F82229 /* CFBinaryHeap.c */; };
		1ED93EF721E449C100F82229 /* CFSet.c in Sources */ = {isa = PBXBuildFile; fileRef = 1ED93E9121E449BC00F82229 /* CFSet.c */; };
		1ED93EF821E449C100F82229 /* CFTree.c in Sources */ = {isa = PBXBuildFile; fileRef = 1ED93E9421E449BC00F82229 /* CFTree.c */; };
		1ED93EF921E449C100F82229 /* CFStringUtilities.c in Sources */ = {isa = PBXBuildFile; fileRef = 1ED93E9621E449BC00F82229 /* CFStringUtilities.c */; };
		1ED93EFA21E449C100F82229 /* CFURL.c in Sources */ = {isa = PBXBuildFile; fileRef = 1ED93E9821E449BD00F82229 /* CFURL.c */; };
		1ED93EFB21E449C100F82229 /* CFError.c in Sources */ = {isa = PBXBuildFile; fileRef = 1ED93E9921E449BD00F82229 /* CFError.c */; };
		1ED93EFC21E449C100F82229 /* CFData.c in Sources */ = {isa = PBXBuildFile; fileRef = 1ED93E9C21E449BD00F82229 /* CFData.c */; };
		1ED93EFD21E449C100F82229 /* CFPlatform.c in Sources */ = {isa = PBXBuildFile; fileRef = 1ED93E9D21E449BD00F82229 /* CFPlatform.c */; };
		1ED93EFE21E449C100F82229 /* CFSocket.c in Sources */ = {isa = PBXBuildFile; fileRef = 1ED93E9F21E449BD00F82229 /* CFSocket.c */; };
		1ED93EFF21E449C100F82229 /* CFSortFunctions.c in Sources */ = {isa = PBXBuildFile; fileRef = 1ED93EA221E449BD00F82229 /* CFSortFunctions.c */; };
		1ED93F0021E449C100F82229 /* CFStringScanner.c in Sources */ = {isa = PBXBuildFile; fileRef = 1ED93EA321E449BD00F82229 /* CFStringScanner.c */; };
		1ED93F0121E449C100F82229 /* CFBag.c in Sources */ = {isa = PBXBuildFile; fileRef = 1ED93EA421E449BE00F82229 /* CFBag.c */; };
		1ED93F0221E449C100F82229 /* CFPlugIn_PlugIn.c in Sources */ = {isa = PBXBuildFile; fileRef = 1ED93EA521E449BE00F82229 /* CFPlugIn_PlugIn.c */; };
		1ED93F0321E449C100F82229 /* CFStorage.c in Sources */ = {isa = PBXBuildFile; fileRef = 1ED93EA721E449BE00F82229 /* CFStorage.c */; };
		1ED93F0421E449C100F82229 /* Makefile in Sources */ = {isa = PBXBuildFile; fileRef = 1ED93EA921E449BE00F82229 /* Makefile */; };
		1ED93F0521E449C100F82229 /* CFNumberFormatter.c in Sources */ = {isa = PBXBuildFile; fileRef = 1ED93EAA21E449BE00F82229 /* CFNumberFormatter.c */; };
		1ED93F0621E449C100F82229 /* CFApplicationPreferences.c in Sources */ = {isa = PBXBuildFile; fileRef = 1ED93EAB21E449BE00F82229 /* CFApplicationPreferences.c */; };
		1ED93F0721E449C100F82229 /* CFURLAccess.c in Sources */ = {isa = PBXBuildFile; fileRef = 1ED93EAC21E449BE00F82229 /* CFURLAccess.c */; };
		1ED93F0821E449C100F82229 /* plconvert.c in Sources */ = {isa = PBXBuildFile; fileRef = 1ED93EAD21E449BE00F82229 /* plconvert.c */; };
		1ED93F0921E449C100F82229 /* CFBasicHash.c in Sources */ = {isa = PBXBuildFile; fileRef = 1ED93EAE21E449BE00F82229 /* CFBasicHash.c */; };
		1ED93F0A21E449C100F82229 /* CFLocaleKeys.c in Sources */ = {isa = PBXBuildFile; fileRef = 1ED93EAF21E449BE00F82229 /* CFLocaleKeys.c */; };
		1ED93F0B21E449C100F82229 /* CFBigNumber.c in Sources */ = {isa = PBXBuildFile; fileRef = 1ED93EB021E449BE00F82229 /* CFBigNumber.c */; };
		1ED93F0C21E449C100F82229 /* CFDateFormatter.c in Sources */ = {isa = PBXBuildFile; fileRef = 1ED93EB121E449BF00F82229 /* CFDateFormatter.c */; };
		1ED93F0D21E449C100F82229 /* CFUniChar.c in Sources */ = {isa = PBXBuildFile; fileRef = 1ED93EB521E449BF00F82229 /* CFUniChar.c */; };
		1ED93F0E21E449C100F82229 /* CFXMLPreferencesDomain.c in Sources */ = {isa = PBXBuildFile; fileRef = 1ED93EB721E449BF00F82229 /* CFXMLPreferencesDomain.c */; };
		1ED93F0F21E449C100F82229 /* CFNumber.c in Sources */ = {isa = PBXBuildFile; fileRef = 1ED93EB921E449BF00F82229 /* CFNumber.c */; };
		1ED93F1021E449C100F82229 /* CFLocaleIdentifier.c in Sources */ = {isa = PBXBuildFile; fileRef = 1ED93EBB21E449BF00F82229 /* CFLocaleIdentifier.c */; };
		1ED93F1121E449C100F82229 /* CFPlugIn.c in Sources */ = {isa = PBXBuildFile; fileRef = 1ED93EBC21E449BF00F82229 /* CFPlugIn.c */; };
		1ED93F1221E449C100F82229 /* CFUtilities.c in Sources */ = {isa = PBXBuildFile; fileRef = 1ED93EBD21E449C000F82229 /* CFUtilities.c */; };
		1ED93F1321E449C100F82229 /* CFXMLTree.c in Sources */ = {isa = PBXBuildFile; fileRef = 1ED93EBE21E449C000F82229 /* CFXMLTree.c */; };
		1ED93F1421E449C100F82229 /* CFPlatformConverters.c in Sources */ = {isa = PBXBuildFile; fileRef = 1ED93EC521E449C000F82229 /* CFPlatformConverters.c */; };
/* End PBXBuildFile section */

/* Begin PBXCopyFilesBuildPhase section */
		1ED93E1A21E4499200F82229 /* CopyFiles */ = {
			isa = PBXCopyFilesBuildPhase;
			buildActionMask = 2147483647;
			dstPath = /usr/share/man/man1/;
			dstSubfolderSpec = 0;
			files = (
			);
			runOnlyForDeploymentPostprocessing = 1;
		};
/* End PBXCopyFilesBuildPhase section */

/* Begin PBXFileReference section */
		1ED93E1C21E4499200F82229 /* CoreFoundationDemo */ = {isa = PBXFileReference; explicitFileType = "compiled.mach-o.executable"; includeInIndex = 0; path = CoreFoundationDemo; sourceTree = BUILT_PRODUCTS_DIR; };
		1ED93E1F21E4499200F82229 /* main.m */ = {isa = PBXFileReference; lastKnownFileType = sourcecode.c.objc; path = main.m; sourceTree = "<group>"; };
		1ED93E2621E449B500F82229 /* CFByteOrder.h */ = {isa = PBXFileReference; fileEncoding = 4; lastKnownFileType = sourcecode.c.h; path = CFByteOrder.h; sourceTree = "<group>"; };
		1ED93E2721E449B500F82229 /* CFDictionary.h */ = {isa = PBXFileReference; fileEncoding = 4; lastKnownFileType = sourcecode.c.h; path = CFDictionary.h; sourceTree = "<group>"; };
		1ED93E2821E449B500F82229 /* CFBurstTrie.c */ = {isa = PBXFileReference; fileEncoding = 4; lastKnownFileType = sourcecode.c.c; path = CFBurstTrie.c; sourceTree = "<group>"; };
		1ED93E2921E449B500F82229 /* CFBuiltinConverters.c */ = {isa = PBXFileReference; fileEncoding = 4; lastKnownFileType = sourcecode.c.c; path = CFBuiltinConverters.c; sourceTree = "<group>"; };
		1ED93E2A21E449B500F82229 /* CFSet.h */ = {isa = PBXFileReference; fileEncoding = 4; lastKnownFileType = sourcecode.c.h; path = CFSet.h; sourceTree = "<group>"; };
		1ED93E2B21E449B500F82229 /* CFMessagePort.c */ = {isa = PBXFileReference; fileEncoding = 4; lastKnownFileType = sourcecode.c.c; path = CFMessagePort.c; sourceTree = "<group>"; };
		1ED93E2C21E449B500F82229 /* CFUnicodeDecomposition.c */ = {isa = PBXFileReference; fileEncoding = 4; lastKnownFileType = sourcecode.c.c; path = CFUnicodeDecomposition.c; sourceTree = "<group>"; };
		1ED93E2D21E449B500F82229 /* CFFileUtilities.c */ = {isa = PBXFileReference; fileEncoding = 4; lastKnownFileType = sourcecode.c.c; path = CFFileUtilities.c; sourceTree = "<group>"; };
		1ED93E2E21E449B500F82229 /* CFConcreteStreams.c */ = {isa = PBXFileReference; fileEncoding = 4; lastKnownFileType = sourcecode.c.c; path = CFConcreteStreams.c; sourceTree = "<group>"; };
		1ED93E2F21E449B500F82229 /* CFBundle_BinaryTypes.h */ = {isa = PBXFileReference; fileEncoding = 4; lastKnownFileType = sourcecode.c.h; path = CFBundle_BinaryTypes.h; sourceTree = "<group>"; };
		1ED93E3021E449B500F82229 /* CFBase.c */ = {isa = PBXFileReference; fileEncoding = 4; lastKnownFileType = sourcecode.c.c; path = CFBase.c; sourceTree = "<group>"; };
		1ED93E3121E449B500F82229 /* CFRunLoop.h */ = {isa = PBXFileReference; fileEncoding = 4; lastKnownFileType = sourcecode.c.h; path = CFRunLoop.h; sourceTree = "<group>"; };
		1ED93E3221E449B500F82229 /* CFRunLoop.c */ = {isa = PBXFileReference; fileEncoding = 4; lastKnownFileType = sourcecode.c.c; path = CFRunLoop.c; sourceTree = "<group>"; };
		1ED93E3321E449B500F82229 /* PropertyList.dtd */ = {isa = PBXFileReference; fileEncoding = 4; lastKnownFileType = text.xml; path = PropertyList.dtd; sourceTree = "<group>"; };
		1ED93E3421E449B500F82229 /* CFBasicHashFindBucket.m */ = {isa = PBXFileReference; fileEncoding = 4; lastKnownFileType = sourcecode.c.objc; path = CFBasicHashFindBucket.m; sourceTree = "<group>"; };
		1ED93E3521E449B500F82229 /* CFUtilities.h */ = {isa = PBXFileReference; fileEncoding = 4; lastKnownFileType = sourcecode.c.h; path = CFUtilities.h; sourceTree = "<group>"; };
		1ED93E3621E449B500F82229 /* CFStorage.h */ = {isa = PBXFileReference; fileEncoding = 4; lastKnownFileType = sourcecode.c.h; path = CFStorage.h; sourceTree = "<group>"; };
		1ED93E3721E449B500F82229 /* CFBundle_Resources.c */ = {isa = PBXFileReference; fileEncoding = 4; lastKnownFileType = sourcecode.c.c; path = CFBundle_Resources.c; sourceTree = "<group>"; };
		1ED93E3821E449B500F82229 /* CFStringEncodingConverter.c */ = {isa = PBXFileReference; fileEncoding = 4; lastKnownFileType = sourcecode.c.c; path = CFStringEncodingConverter.c; sourceTree = "<group>"; };
		1ED93E3921E449B500F82229 /* CFUnicodePrecomposition.c */ = {isa = PBXFileReference; fileEncoding = 4; lastKnownFileType = sourcecode.c.c; path = CFUnicodePrecomposition.c; sourceTree = "<group>"; };
		1ED93E3A21E449B500F82229 /* CFTimeZone.h */ = {isa = PBXFileReference; fileEncoding = 4; lastKnownFileType = sourcecode.c.h; path = CFTimeZone.h; sourceTree = "<group>"; };
		1ED93E3B21E449B500F82229 /* CFUnicodeDecomposition.h */ = {isa = PBXFileReference; fileEncoding = 4; lastKnownFileType = sourcecode.c.h; path = CFUnicodeDecomposition.h; sourceTree = "<group>"; };
		1ED93E3C21E449B500F82229 /* CFBitVector.c */ = {isa = PBXFileReference; fileEncoding = 4; lastKnownFileType = sourcecode.c.c; path = CFBitVector.c; sourceTree = "<group>"; };
		1ED93E3D21E449B600F82229 /* CFPlugIn_Factory.h */ = {isa = PBXFileReference; fileEncoding = 4; lastKnownFileType = sourcecode.c.h; path = CFPlugIn_Factory.h; sourceTree = "<group>"; };
		1ED93E3E21E449B600F82229 /* CFBundle.h */ = {isa = PBXFileReference; fileEncoding = 4; lastKnownFileType = sourcecode.c.h; path = CFBundle.h; sourceTree = "<group>"; };
		1ED93E3F21E449B600F82229 /* CFStringEncodingDatabase.c */ = {isa = PBXFileReference; fileEncoding = 4; lastKnownFileType = sourcecode.c.c; path = CFStringEncodingDatabase.c; sourceTree = "<group>"; };
		1ED93E4021E449B600F82229 /* SymbolAliases */ = {isa = PBXFileReference; fileEncoding = 4; lastKnownFileType = text; path = SymbolAliases; sourceTree = "<group>"; };
		1ED93E4121E449B600F82229 /* CFTimeZone.c */ = {isa = PBXFileReference; fileEncoding = 4; lastKnownFileType = sourcecode.c.c; path = CFTimeZone.c; sourceTree = "<group>"; };
		1ED93E4221E449B600F82229 /* CFSystemDirectories.c */ = {isa = PBXFileReference; fileEncoding = 4; lastKnownFileType = sourcecode.c.c; path = CFSystemDirectories.c; sourceTree = "<group>"; };
		1ED93E4321E449B600F82229 /* CFUnicodePrecomposition.h */ = {isa = PBXFileReference; fileEncoding = 4; lastKnownFileType = sourcecode.c.h; path = CFUnicodePrecomposition.h; sourceTree = "<group>"; };
		1ED93E4421E449B600F82229 /* CFBundle_InfoPlist.c */ = {isa = PBXFileReference; fileEncoding = 4; lastKnownFileType = sourcecode.c.c; path = CFBundle_InfoPlist.c; sourceTree = "<group>"; };
		1ED93E4521E449B600F82229 /* CFLocale.c */ = {isa = PBXFileReference; fileEncoding = 4; lastKnownFileType = sourcecode.c.c; path = CFLocale.c; sourceTree = "<group>"; };
		1ED93E4621E449B600F82229 /* CFBundlePriv.h */ = {isa = PBXFileReference; fileEncoding = 4; lastKnownFileType = sourcecode.c.h; path = CFBundlePriv.h; sourceTree = "<group>"; };
		1ED93E4721E449B600F82229 /* CFUserNotification.h */ = {isa = PBXFileReference; fileEncoding = 4; lastKnownFileType = sourcecode.c.h; path = CFUserNotification.h; sourceTree = "<group>"; };
		1ED93E4821E449B600F82229 /* CFStringEncodingConverterPriv.h */ = {isa = PBXFileReference; fileEncoding = 4; lastKnownFileType = sourcecode.c.h; path = CFStringEncodingConverterPriv.h; sourceTree = "<group>"; };
		1ED93E4921E449B600F82229 /* CFWindowsUtilities.c */ = {isa = PBXFileReference; fileEncoding = 4; lastKnownFileType = sourcecode.c.c; path = CFWindowsUtilities.c; sourceTree = "<group>"; };
		1ED93E4A21E449B600F82229 /* CFXMLInputStream.c */ = {isa = PBXFileReference; fileEncoding = 4; lastKnownFileType = sourcecode.c.c; path = CFXMLInputStream.c; sourceTree = "<group>"; };
		1ED93E4B21E449B600F82229 /* CFInternal.h */ = {isa = PBXFileReference; fileEncoding = 4; lastKnownFileType = sourcecode.c.h; path = CFInternal.h; sourceTree = "<group>"; };
		1ED93E4C21E449B700F82229 /* CFDictionary.c */ = {isa = PBXFileReference; fileEncoding = 4; lastKnownFileType = sourcecode.c.c; path = CFDictionary.c; sourceTree = "<group>"; };
		1ED93E4D21E449B700F82229 /* CFUnicodeData-L.mapping */ = {isa = PBXFileReference; lastKnownFileType = file; path = "CFUnicodeData-L.mapping"; sourceTree = "<group>"; };
		1ED93E4E21E449B700F82229 /* CFPlugIn.h */ = {isa = PBXFileReference; fileEncoding = 4; lastKnownFileType = sourcecode.c.h; path = CFPlugIn.h; sourceTree = "<group>"; };
		1ED93E4F21E449B700F82229 /* CFXMLParser.h */ = {isa = PBXFileReference; fileEncoding = 4; lastKnownFileType = sourcecode.c.h; path = CFXMLParser.h; sourceTree = "<group>"; };
		1ED93E5021E449B700F82229 /* CFMachPort.h */ = {isa = PBXFileReference; fileEncoding = 4; lastKnownFileType = sourcecode.c.h; path = CFMachPort.h; sourceTree = "<group>"; };
		1ED93E5121E449B700F82229 /* CFPreferences.c */ = {isa = PBXFileReference; fileEncoding = 4; lastKnownFileType = sourcecode.c.c; path = CFPreferences.c; sourceTree = "<group>"; };
		1ED93E5221E449B700F82229 /* README_CFLITE */ = {isa = PBXFileReference; fileEncoding = 4; lastKnownFileType = text; path = README_CFLITE; sourceTree = "<group>"; };
		1ED93E5321E449B700F82229 /* CFDate.h */ = {isa = PBXFileReference; fileEncoding = 4; lastKnownFileType = sourcecode.c.h; path = CFDate.h; sourceTree = "<group>"; };
		1ED93E5421E449B700F82229 /* CFNumberFormatter.h */ = {isa = PBXFileReference; fileEncoding = 4; lastKnownFileType = sourcecode.c.h; path = CFNumberFormatter.h; sourceTree = "<group>"; };
		1ED93E5521E449B700F82229 /* CFPlugInCOM.h */ = {isa = PBXFileReference; fileEncoding = 4; lastKnownFileType = sourcecode.c.h; path = CFPlugInCOM.h; sourceTree = "<group>"; };
		1ED93E5621E449B700F82229 /* CFArray.h */ = {isa = PBXFileReference; fileEncoding = 4; lastKnownFileType = sourcecode.c.h; path = CFArray.h; sourceTree = "<group>"; };
		1ED93E5721E449B700F82229 /* CFBurstTrie.h */ = {isa = PBXFileReference; fileEncoding = 4; lastKnownFileType = sourcecode.c.h; path = CFBurstTrie.h; sourceTree = "<group>"; };
		1ED93E5821E449B700F82229 /* CFPlugIn_Instance.c */ = {isa = PBXFileReference; fileEncoding = 4; lastKnownFileType = sourcecode.c.c; path = CFPlugIn_Instance.c; sourceTree = "<group>"; };
		1ED93E5921E449B800F82229 /* CFStringDefaultEncoding.h */ = {isa = PBXFileReference; fileEncoding = 4; lastKnownFileType = sourcecode.c.h; path = CFStringDefaultEncoding.h; sourceTree = "<group>"; };
		1ED93E5B21E449B800F82229 /* plconvert.c */ = {isa = PBXFileReference; fileEncoding = 4; lastKnownFileType = sourcecode.c.c; path = plconvert.c; sourceTree = "<group>"; };
		1ED93E5C21E449B800F82229 /* CFRuntime.h */ = {isa = PBXFileReference; fileEncoding = 4; lastKnownFileType = sourcecode.c.h; path = CFRuntime.h; sourceTree = "<group>"; };
		1ED93E5D21E449B800F82229 /* CFError.h */ = {isa = PBXFileReference; fileEncoding = 4; lastKnownFileType = sourcecode.c.h; path = CFError.h; sourceTree = "<group>"; };
		1ED93E5E21E449B800F82229 /* CFError_Private.h */ = {isa = PBXFileReference; fileEncoding = 4; lastKnownFileType = sourcecode.c.h; path = CFError_Private.h; sourceTree = "<group>"; };
		1ED93E5F21E449B800F82229 /* CFStream.h */ = {isa = PBXFileReference; fileEncoding = 4; lastKnownFileType = sourcecode.c.h; path = CFStream.h; sourceTree = "<group>"; };
		1ED93E6021E449B800F82229 /* CFLogUtilities.h */ = {isa = PBXFileReference; fileEncoding = 4; lastKnownFileType = sourcecode.c.h; path = CFLogUtilities.h; sourceTree = "<group>"; };
		1ED93E6121E449B800F82229 /* CFStream.c */ = {isa = PBXFileReference; fileEncoding = 4; lastKnownFileType = sourcecode.c.c; path = CFStream.c; sourceTree = "<group>"; };
		1ED93E6221E449B800F82229 /* CFBinaryHeap.h */ = {isa = PBXFileReference; fileEncoding = 4; lastKnownFileType = sourcecode.c.h; path = CFBinaryHeap.h; sourceTree = "<group>"; };
		1ED93E6321E449B800F82229 /* CFStringEncodingConverter.h */ = {isa = PBXFileReference; fileEncoding = 4; lastKnownFileType = sourcecode.c.h; path = CFStringEncodingConverter.h; sourceTree = "<group>"; };
		1ED93E6421E449B800F82229 /* CFLocaleInternal.h */ = {isa = PBXFileReference; fileEncoding = 4; lastKnownFileType = sourcecode.c.h; path = CFLocaleInternal.h; sourceTree = "<group>"; };
		1ED93E6521E449B800F82229 /* CoreFoundation_Prefix.h */ = {isa = PBXFileReference; fileEncoding = 4; lastKnownFileType = sourcecode.c.h; path = CoreFoundation_Prefix.h; sourceTree = "<group>"; };
		1ED93E6621E449B800F82229 /* CFBase.h */ = {isa = PBXFileReference; fileEncoding = 4; lastKnownFileType = sourcecode.c.h; path = CFBase.h; sourceTree = "<group>"; };
		1ED93E6721E449B800F82229 /* CFICUConverters.h */ = {isa = PBXFileReference; fileEncoding = 4; lastKnownFileType = sourcecode.c.h; path = CFICUConverters.h; sourceTree = "<group>"; };
		1ED93E6821E449B900F82229 /* CFPropertyList.c */ = {isa = PBXFileReference; fileEncoding = 4; lastKnownFileType = sourcecode.c.c; path = CFPropertyList.c; sourceTree = "<group>"; };
		1ED93E6921E449B900F82229 /* CFUnicodeData-B.mapping */ = {isa = PBXFileReference; lastKnownFileType = file; path = "CFUnicodeData-B.mapping"; sourceTree = "<group>"; };
		1ED93E6A21E449B900F82229 /* CFBag.h */ = {isa = PBXFileReference; fileEncoding = 4; lastKnownFileType = sourcecode.c.h; path = CFBag.h; sourceTree = "<group>"; };
		1ED93E6B21E449B900F82229 /* CFUUID.c */ = {isa = PBXFileReference; fileEncoding = 4; lastKnownFileType = sourcecode.c.c; path = CFUUID.c; sourceTree = "<group>"; };
		1ED93E6C21E449B900F82229 /* CFNumber.h */ = {isa = PBXFileReference; fileEncoding = 4; lastKnownFileType = sourcecode.c.h; path = CFNumber.h; sourceTree = "<group>"; };
		1ED93E6D21E449B900F82229 /* CFURLPriv.h */ = {isa = PBXFileReference; fileEncoding = 4; lastKnownFileType = sourcecode.c.h; path = CFURLPriv.h; sourceTree = "<group>"; };
		1ED93E6E21E449B900F82229 /* TargetConditionals.h */ = {isa = PBXFileReference; fileEncoding = 4; lastKnownFileType = sourcecode.c.h; path = TargetConditionals.h; sourceTree = "<group>"; };
		1ED93E6F21E449B900F82229 /* MakefileVersion */ = {isa = PBXFileReference; fileEncoding = 4; lastKnownFileType = text; path = MakefileVersion; sourceTree = "<group>"; };
		1ED93E7021E449B900F82229 /* CFStringEncodingExt.h */ = {isa = PBXFileReference; fileEncoding = 4; lastKnownFileType = sourcecode.c.h; path = CFStringEncodingExt.h; sourceTree = "<group>"; };
		1ED93E7121E449B900F82229 /* ForFoundationOnly.h */ = {isa = PBXFileReference; fileEncoding = 4; lastKnownFileType = sourcecode.c.h; path = ForFoundationOnly.h; sourceTree = "<group>"; };
		1ED93E7221E449B900F82229 /* CFBitVector.h */ = {isa = PBXFileReference; fileEncoding = 4; lastKnownFileType = sourcecode.c.h; path = CFBitVector.h; sourceTree = "<group>"; };
		1ED93E7321E449B900F82229 /* CFPreferences.h */ = {isa = PBXFileReference; fileEncoding = 4; lastKnownFileType = sourcecode.c.h; path = CFPreferences.h; sourceTree = "<group>"; };
		1ED93E7421E449B900F82229 /* CFDate.c */ = {isa = PBXFileReference; fileEncoding = 4; lastKnownFileType = sourcecode.c.c; path = CFDate.c; sourceTree = "<group>"; };
		1ED93E7521E449BA00F82229 /* CFBinaryPList.c */ = {isa = PBXFileReference; fileEncoding = 4; lastKnownFileType = sourcecode.c.c; path = CFBinaryPList.c; sourceTree = "<group>"; };
		1ED93E7621E449BA00F82229 /* CFCalendar.h */ = {isa = PBXFileReference; fileEncoding = 4; lastKnownFileType = sourcecode.c.h; path = CFCalendar.h; sourceTree = "<group>"; };
		1ED93E7721E449BA00F82229 /* CFOldStylePList.c */ = {isa = PBXFileReference; fileEncoding = 4; lastKnownFileType = sourcecode.c.c; path = CFOldStylePList.c; sourceTree = "<group>"; };
		1ED93E7821E449BA00F82229 /* CFICUConverters.c */ = {isa = PBXFileReference; fileEncoding = 4; lastKnownFileType = sourcecode.c.c; path = CFICUConverters.c; sourceTree = "<group>"; };
		1ED93E7921E449BA00F82229 /* CFString.c */ = {isa = PBXFileReference; fileEncoding = 4; lastKnownFileType = sourcecode.c.c; path = CFString.c; sourceTree = "<group>"; };
		1ED93E7A21E449BA00F82229 /* CFXMLNode.c */ = {isa = PBXFileReference; fileEncoding = 4; lastKnownFileType = sourcecode.c.c; path = CFXMLNode.c; sourceTree = "<group>"; };
		1ED93E7B21E449BA00F82229 /* CFArray.c */ = {isa = PBXFileReference; fileEncoding = 4; lastKnownFileType = sourcecode.c.c; path = CFArray.c; sourceTree = "<group>"; };
		1ED93E7C21E449BA00F82229 /* CFPlugIn_Factory.c */ = {isa = PBXFileReference; fileEncoding = 4; lastKnownFileType = sourcecode.c.c; path = CFPlugIn_Factory.c; sourceTree = "<group>"; };
		1ED93E7D21E449BA00F82229 /* CFData.h */ = {isa = PBXFileReference; fileEncoding = 4; lastKnownFileType = sourcecode.c.h; path = CFData.h; sourceTree = "<group>"; };
		1ED93E7E21E449BA00F82229 /* CFUniCharPriv.h */ = {isa = PBXFileReference; fileEncoding = 4; lastKnownFileType = sourcecode.c.h; path = CFUniCharPriv.h; sourceTree = "<group>"; };
		1ED93E7F21E449BA00F82229 /* CFCharacterSet.c */ = {isa = PBXFileReference; fileEncoding = 4; lastKnownFileType = sourcecode.c.c; path = CFCharacterSet.c; sourceTree = "<group>"; };
		1ED93E8021E449BA00F82229 /* CFBasicHash.h */ = {isa = PBXFileReference; fileEncoding = 4; lastKnownFileType = sourcecode.c.h; path = CFBasicHash.h; sourceTree = "<group>"; };
		1ED93E8121E449BA00F82229 /* CFStringEncodings.c */ = {isa = PBXFileReference; fileEncoding = 4; lastKnownFileType = sourcecode.c.c; path = CFStringEncodings.c; sourceTree = "<group>"; };
		1ED93E8221E449BB00F82229 /* CFICULogging.h */ = {isa = PBXFileReference; fileEncoding = 4; lastKnownFileType = sourcecode.c.h; path = CFICULogging.h; sourceTree = "<group>"; };
		1ED93E8321E449BB00F82229 /* CFLocale.h */ = {isa = PBXFileReference; fileEncoding = 4; lastKnownFileType = sourcecode.c.h; path = CFLocale.h; sourceTree = "<group>"; };
		1ED93E8421E449BB00F82229 /* CFSocketStream.c */ = {isa = PBXFileReference; fileEncoding = 4; lastKnownFileType = sourcecode.c.c; path = CFSocketStream.c; sourceTree = "<group>"; };
		1ED93E8521E449BB00F82229 /* CFStreamInternal.h */ = {isa = PBXFileReference; fileEncoding = 4; lastKnownFileType = sourcecode.c.h; path = CFStreamInternal.h; sourceTree = "<group>"; };
		1ED93E8621E449BB00F82229 /* CFUserNotification.c */ = {isa = PBXFileReference; fileEncoding = 4; lastKnownFileType = sourcecode.c.c; path = CFUserNotification.c; sourceTree = "<group>"; };
		1ED93E8721E449BB00F82229 /* CFCalendar.c */ = {isa = PBXFileReference; fileEncoding = 4; lastKnownFileType = sourcecode.c.c; path = CFCalendar.c; sourceTree = "<group>"; };
		1ED93E8821E449BB00F82229 /* CFBundle.c */ = {isa = PBXFileReference; fileEncoding = 4; lastKnownFileType = sourcecode.c.c; path = CFBundle.c; sourceTree = "<group>"; };
		1ED93E8921E449BB00F82229 /* CFAvailability.h */ = {isa = PBXFileReference; fileEncoding = 4; lastKnownFileType = sourcecode.c.h; path = CFAvailability.h; sourceTree = "<group>"; };
		1ED93E8A21E449BB00F82229 /* CFXMLParser.c */ = {isa = PBXFileReference; fileEncoding = 4; lastKnownFileType = sourcecode.c.c; path = CFXMLParser.c; sourceTree = "<group>"; };
		1ED93E8B21E449BB00F82229 /* CFMachPort.c */ = {isa = PBXFileReference; fileEncoding = 4; lastKnownFileType = sourcecode.c.c; path = CFMachPort.c; sourceTree = "<group>"; };
		1ED93E8C21E449BC00F82229 /* CFRuntime.c */ = {isa = PBXFileReference; fileEncoding = 4; lastKnownFileType = sourcecode.c.c; path = CFRuntime.c; sourceTree = "<group>"; };
		1ED93E8D21E449BC00F82229 /* CFCharacterSet.h */ = {isa = PBXFileReference; fileEncoding = 4; lastKnownFileType = sourcecode.c.h; path = CFCharacterSet.h; sourceTree = "<group>"; };
		1ED93E8E21E449BC00F82229 /* CFVersion.c */ = {isa = PBXFileReference; fileEncoding = 4; lastKnownFileType = sourcecode.c.c; path = CFVersion.c; sourceTree = "<group>"; };
		1ED93E8F21E449BC00F82229 /* MakefileLinux */ = {isa = PBXFileReference; fileEncoding = 4; lastKnownFileType = text; path = MakefileLinux; sourceTree = "<group>"; };
		1ED93E9021E449BC00F82229 /* CFBinaryHeap.c */ = {isa = PBXFileReference; fileEncoding = 4; lastKnownFileType = sourcecode.c.c; path = CFBinaryHeap.c; sourceTree = "<group>"; };
		1ED93E9121E449BC00F82229 /* CFSet.c */ = {isa = PBXFileReference; fileEncoding = 4; lastKnownFileType = sourcecode.c.c; path = CFSet.c; sourceTree = "<group>"; };
		1ED93E9221E449BC00F82229 /* CFURL.inc.h */ = {isa = PBXFileReference; fileEncoding = 4; lastKnownFileType = sourcecode.c.h; path = CFURL.inc.h; sourceTree = "<group>"; };
		1ED93E9321E449BC00F82229 /* CoreFoundation.h */ = {isa = PBXFileReference; fileEncoding = 4; lastKnownFileType = sourcecode.c.h; path = CoreFoundation.h; sourceTree = "<group>"; };
		1ED93E9421E449BC00F82229 /* CFTree.c */ = {isa = PBXFileReference; fileEncoding = 4; lastKnownFileType = sourcecode.c.c; path = CFTree.c; sourceTree = "<group>"; };
		1ED93E9521E449BC00F82229 /* CFPropertyList.h */ = {isa = PBXFileReference; fileEncoding = 4; lastKnownFileType = sourcecode.c.h; path = CFPropertyList.h; sourceTree = "<group>"; };
		1ED93E9621E449BC00F82229 /* CFStringUtilities.c */ = {isa = PBXFileReference; fileEncoding = 4; lastKnownFileType = sourcecode.c.c; path = CFStringUtilities.c; sourceTree = "<group>"; };
		1ED93E9721E449BC00F82229 /* CFStreamAbstract.h */ = {isa = PBXFileReference; fileEncoding = 4; lastKnownFileType = sourcecode.c.h; path = CFStreamAbstract.h; sourceTree = "<group>"; };
		1ED93E9821E449BD00F82229 /* CFURL.c */ = {isa = PBXFileReference; fileEncoding = 4; lastKnownFileType = sourcecode.c.c; path = CFURL.c; sourceTree = "<group>"; };
		1ED93E9921E449BD00F82229 /* CFError.c */ = {isa = PBXFileReference; fileEncoding = 4; lastKnownFileType = sourcecode.c.c; path = CFError.c; sourceTree = "<group>"; };
		1ED93E9A21E449BD00F82229 /* CFBundle_Internal.h */ = {isa = PBXFileReference; fileEncoding = 4; lastKnownFileType = sourcecode.c.h; path = CFBundle_Internal.h; sourceTree = "<group>"; };
		1ED93E9B21E449BD00F82229 /* CFStreamPriv.h */ = {isa = PBXFileReference; fileEncoding = 4; lastKnownFileType = sourcecode.c.h; path = CFStreamPriv.h; sourceTree = "<group>"; };
		1ED93E9C21E449BD00F82229 /* CFData.c */ = {isa = PBXFileReference; fileEncoding = 4; lastKnownFileType = sourcecode.c.c; path = CFData.c; sourceTree = "<group>"; };
		1ED93E9D21E449BD00F82229 /* CFPlatform.c */ = {isa = PBXFileReference; fileEncoding = 4; lastKnownFileType = sourcecode.c.c; path = CFPlatform.c; sourceTree = "<group>"; };
		1ED93E9E21E449BD00F82229 /* CFCharacterSetPriv.h */ = {isa = PBXFileReference; fileEncoding = 4; lastKnownFileType = sourcecode.c.h; path = CFCharacterSetPriv.h; sourceTree = "<group>"; };
		1ED93E9F21E449BD00F82229 /* CFSocket.c */ = {isa = PBXFileReference; fileEncoding = 4; lastKnownFileType = sourcecode.c.c; path = CFSocket.c; sourceTree = "<group>"; };
		1ED93EA021E449BD00F82229 /* CFBigNumber.h */ = {isa = PBXFileReference; fileEncoding = 4; lastKnownFileType = sourcecode.c.h; path = CFBigNumber.h; sourceTree = "<group>"; };
		1ED93EA121E449BD00F82229 /* CFString.h */ = {isa = PBXFileReference; fileEncoding = 4; lastKnownFileType = sourcecode.c.h; path = CFString.h; sourceTree = "<group>"; };
		1ED93EA221E449BD00F82229 /* CFSortFunctions.c */ = {isa = PBXFileReference; fileEncoding = 4; lastKnownFileType = sourcecode.c.c; path = CFSortFunctions.c; sourceTree = "<group>"; };
		1ED93EA321E449BD00F82229 /* CFStringScanner.c */ = {isa = PBXFileReference; fileEncoding = 4; lastKnownFileType = sourcecode.c.c; path = CFStringScanner.c; sourceTree = "<group>"; };
		1ED93EA421E449BE00F82229 /* CFBag.c */ = {isa = PBXFileReference; fileEncoding = 4; lastKnownFileType = sourcecode.c.c; path = CFBag.c; sourceTree = "<group>"; };
		1ED93EA521E449BE00F82229 /* CFPlugIn_PlugIn.c */ = {isa = PBXFileReference; fileEncoding = 4; lastKnownFileType = sourcecode.c.c; path = CFPlugIn_PlugIn.c; sourceTree = "<group>"; };
		1ED93EA621E449BE00F82229 /* CFUUID.h */ = {isa = PBXFileReference; fileEncoding = 4; lastKnownFileType = sourcecode.c.h; path = CFUUID.h; sourceTree = "<group>"; };
		1ED93EA721E449BE00F82229 /* CFStorage.c */ = {isa = PBXFileReference; fileEncoding = 4; lastKnownFileType = sourcecode.c.c; path = CFStorage.c; sourceTree = "<group>"; };
		1ED93EA821E449BE00F82229 /* CFXMLInputStream.h */ = {isa = PBXFileReference; fileEncoding = 4; lastKnownFileType = sourcecode.c.h; path = CFXMLInputStream.h; sourceTree = "<group>"; };
		1ED93EA921E449BE00F82229 /* Makefile */ = {isa = PBXFileReference; fileEncoding = 4; lastKnownFileType = sourcecode.make; path = Makefile; sourceTree = "<group>"; };
		1ED93EAA21E449BE00F82229 /* CFNumberFormatter.c */ = {isa = PBXFileReference; fileEncoding = 4; lastKnownFileType = sourcecode.c.c; path = CFNumberFormatter.c; sourceTree = "<group>"; };
		1ED93EAB21E449BE00F82229 /* CFApplicationPreferences.c */ = {isa = PBXFileReference; fileEncoding = 4; lastKnownFileType = sourcecode.c.c; path = CFApplicationPreferences.c; sourceTree = "<group>"; };
		1ED93EAC21E449BE00F82229 /* CFURLAccess.c */ = {isa = PBXFileReference; fileEncoding = 4; lastKnownFileType = sourcecode.c.c; path = CFURLAccess.c; sourceTree = "<group>"; };
		1ED93EAD21E449BE00F82229 /* plconvert.c */ = {isa = PBXFileReference; fileEncoding = 4; lastKnownFileType = sourcecode.c.c; path = plconvert.c; sourceTree = "<group>"; };
		1ED93EAE21E449BE00F82229 /* CFBasicHash.c */ = {isa = PBXFileReference; fileEncoding = 4; lastKnownFileType = sourcecode.c.c; path = CFBasicHash.c; sourceTree = "<group>"; };
		1ED93EAF21E449BE00F82229 /* CFLocaleKeys.c */ = {isa = PBXFileReference; fileEncoding = 4; lastKnownFileType = sourcecode.c.c; path = CFLocaleKeys.c; sourceTree = "<group>"; };
		1ED93EB021E449BE00F82229 /* CFBigNumber.c */ = {isa = PBXFileReference; fileEncoding = 4; lastKnownFileType = sourcecode.c.c; path = CFBigNumber.c; sourceTree = "<group>"; };
		1ED93EB121E449BF00F82229 /* CFDateFormatter.c */ = {isa = PBXFileReference; fileEncoding = 4; lastKnownFileType = sourcecode.c.c; path = CFDateFormatter.c; sourceTree = "<group>"; };
		1ED93EB221E449BF00F82229 /* Info.plist */ = {isa = PBXFileReference; fileEncoding = 4; lastKnownFileType = text.plist.xml; path = Info.plist; sourceTree = "<group>"; };
		1ED93EB321E449BF00F82229 /* CFURL.h */ = {isa = PBXFileReference; fileEncoding = 4; lastKnownFileType = sourcecode.c.h; path = CFURL.h; sourceTree = "<group>"; };
		1ED93EB421E449BF00F82229 /* CFStringEncodingDatabase.h */ = {isa = PBXFileReference; fileEncoding = 4; lastKnownFileType = sourcecode.c.h; path = CFStringEncodingDatabase.h; sourceTree = "<group>"; };
		1ED93EB521E449BF00F82229 /* CFUniChar.c */ = {isa = PBXFileReference; fileEncoding = 4; lastKnownFileType = sourcecode.c.c; path = CFUniChar.c; sourceTree = "<group>"; };
		1ED93EB621E449BF00F82229 /* CFStringEncodingConverterExt.h */ = {isa = PBXFileReference; fileEncoding = 4; lastKnownFileType = sourcecode.c.h; path = CFStringEncodingConverterExt.h; sourceTree = "<group>"; };
		1ED93EB721E449BF00F82229 /* CFXMLPreferencesDomain.c */ = {isa = PBXFileReference; fileEncoding = 4; lastKnownFileType = sourcecode.c.c; path = CFXMLPreferencesDomain.c; sourceTree = "<group>"; };
		1ED93EB821E449BF00F82229 /* CFCharacterSetBitmaps.bitmap */ = {isa = PBXFileReference; lastKnownFileType = file; path = CFCharacterSetBitmaps.bitmap; sourceTree = "<group>"; };
		1ED93EB921E449BF00F82229 /* CFNumber.c */ = {isa = PBXFileReference; fileEncoding = 4; lastKnownFileType = sourcecode.c.c; path = CFNumber.c; sourceTree = "<group>"; };
		1ED93EBA21E449BF00F82229 /* APPLE_LICENSE */ = {isa = PBXFileReference; fileEncoding = 4; lastKnownFileType = text; path = APPLE_LICENSE; sourceTree = "<group>"; };
		1ED93EBB21E449BF00F82229 /* CFLocaleIdentifier.c */ = {isa = PBXFileReference; fileEncoding = 4; lastKnownFileType = sourcecode.c.c; path = CFLocaleIdentifier.c; sourceTree = "<group>"; };
		1ED93EBC21E449BF00F82229 /* CFPlugIn.c */ = {isa = PBXFileReference; fileEncoding = 4; lastKnownFileType = sourcecode.c.c; path = CFPlugIn.c; sourceTree = "<group>"; };
		1ED93EBD21E449C000F82229 /* CFUtilities.c */ = {isa = PBXFileReference; fileEncoding = 4; lastKnownFileType = sourcecode.c.c; path = CFUtilities.c; sourceTree = "<group>"; };
		1ED93EBE21E449C000F82229 /* CFXMLTree.c */ = {isa = PBXFileReference; fileEncoding = 4; lastKnownFileType = sourcecode.c.c; path = CFXMLTree.c; sourceTree = "<group>"; };
		1ED93EBF21E449C000F82229 /* CFTree.h */ = {isa = PBXFileReference; fileEncoding = 4; lastKnownFileType = sourcecode.c.h; path = CFTree.h; sourceTree = "<group>"; };
		1ED93EC021E449C000F82229 /* CFMessagePort.h */ = {isa = PBXFileReference; fileEncoding = 4; lastKnownFileType = sourcecode.c.h; path = CFMessagePort.h; sourceTree = "<group>"; };
		1ED93EC121E449C000F82229 /* CFUniCharPropertyDatabase.data */ = {isa = PBXFileReference; lastKnownFileType = file; path = CFUniCharPropertyDatabase.data; sourceTree = "<group>"; };
		1ED93EC221E449C000F82229 /* CFDateFormatter.h */ = {isa = PBXFileReference; fileEncoding = 4; lastKnownFileType = sourcecode.c.h; path = CFDateFormatter.h; sourceTree = "<group>"; };
		1ED93EC321E449C000F82229 /* CFUniChar.h */ = {isa = PBXFileReference; fileEncoding = 4; lastKnownFileType = sourcecode.c.h; path = CFUniChar.h; sourceTree = "<group>"; };
		1ED93EC421E449C000F82229 /* CFXMLNode.h */ = {isa = PBXFileReference; fileEncoding = 4; lastKnownFileType = sourcecode.c.h; path = CFXMLNode.h; sourceTree = "<group>"; };
		1ED93EC521E449C000F82229 /* CFPlatformConverters.c */ = {isa = PBXFileReference; fileEncoding = 4; lastKnownFileType = sourcecode.c.c; path = CFPlatformConverters.c; sourceTree = "<group>"; };
		1ED93EC621E449C000F82229 /* CFSocket.h */ = {isa = PBXFileReference; fileEncoding = 4; lastKnownFileType = sourcecode.c.h; path = CFSocket.h; sourceTree = "<group>"; };
		1ED93EC721E449C000F82229 /* CFURLAccess.h */ = {isa = PBXFileReference; fileEncoding = 4; lastKnownFileType = sourcecode.c.h; path = CFURLAccess.h; sourceTree = "<group>"; };
		1ED93EC821E449C000F82229 /* CFPriv.h */ = {isa = PBXFileReference; fileEncoding = 4; lastKnownFileType = sourcecode.c.h; path = CFPriv.h; sourceTree = "<group>"; };
/* End PBXFileReference section */

/* Begin PBXFrameworksBuildPhase section */
		1ED93E1921E4499200F82229 /* Frameworks */ = {
			isa = PBXFrameworksBuildPhase;
			buildActionMask = 2147483647;
			files = (
			);
			runOnlyForDeploymentPostprocessing = 0;
		};
/* End PBXFrameworksBuildPhase section */

/* Begin PBXGroup section */
		1ED93E1321E4499200F82229 = {
			isa = PBXGroup;
			children = (
				1ED93E1E21E4499200F82229 /* CoreFoundationDemo */,
				1ED93E1D21E4499200F82229 /* Products */,
			);
			sourceTree = "<group>";
		};
		1ED93E1D21E4499200F82229 /* Products */ = {
			isa = PBXGroup;
			children = (
				1ED93E1C21E4499200F82229 /* CoreFoundationDemo */,
			);
			name = Products;
			sourceTree = "<group>";
		};
		1ED93E1E21E4499200F82229 /* CoreFoundationDemo */ = {
			isa = PBXGroup;
			children = (
				1ED93EBA21E449BF00F82229 /* APPLE_LICENSE */,
				1ED93EAB21E449BE00F82229 /* CFApplicationPreferences.c */,
				1ED93E7B21E449BA00F82229 /* CFArray.c */,
				1ED93E5621E449B700F82229 /* CFArray.h */,
				1ED93E8921E449BB00F82229 /* CFAvailability.h */,
				1ED93EA421E449BE00F82229 /* CFBag.c */,
				1ED93E6A21E449B900F82229 /* CFBag.h */,
				1ED93E3021E449B500F82229 /* CFBase.c */,
				1ED93E6621E449B800F82229 /* CFBase.h */,
				1ED93EAE21E449BE00F82229 /* CFBasicHash.c */,
				1ED93E8021E449BA00F82229 /* CFBasicHash.h */,
				1ED93E3421E449B500F82229 /* CFBasicHashFindBucket.m */,
				1ED93EB021E449BE00F82229 /* CFBigNumber.c */,
				1ED93EA021E449BD00F82229 /* CFBigNumber.h */,
				1ED93E9021E449BC00F82229 /* CFBinaryHeap.c */,
				1ED93E6221E449B800F82229 /* CFBinaryHeap.h */,
				1ED93E7521E449BA00F82229 /* CFBinaryPList.c */,
				1ED93E3C21E449B500F82229 /* CFBitVector.c */,
				1ED93E7221E449B900F82229 /* CFBitVector.h */,
				1ED93E2921E449B500F82229 /* CFBuiltinConverters.c */,
				1ED93E2F21E449B500F82229 /* CFBundle_BinaryTypes.h */,
				1ED93E4421E449B600F82229 /* CFBundle_InfoPlist.c */,
				1ED93E9A21E449BD00F82229 /* CFBundle_Internal.h */,
				1ED93E3721E449B500F82229 /* CFBundle_Resources.c */,
				1ED93E8821E449BB00F82229 /* CFBundle.c */,
				1ED93E3E21E449B600F82229 /* CFBundle.h */,
				1ED93E4621E449B600F82229 /* CFBundlePriv.h */,
				1ED93E2821E449B500F82229 /* CFBurstTrie.c */,
				1ED93E5721E449B700F82229 /* CFBurstTrie.h */,
				1ED93E2621E449B500F82229 /* CFByteOrder.h */,
				1ED93E8721E449BB00F82229 /* CFCalendar.c */,
				1ED93E7621E449BA00F82229 /* CFCalendar.h */,
				1ED93E7F21E449BA00F82229 /* CFCharacterSet.c */,
				1ED93E8D21E449BC00F82229 /* CFCharacterSet.h */,
				1ED93EB821E449BF00F82229 /* CFCharacterSetBitmaps.bitmap */,
				1ED93E9E21E449BD00F82229 /* CFCharacterSetPriv.h */,
				1ED93E2E21E449B500F82229 /* CFConcreteStreams.c */,
				1ED93E9C21E449BD00F82229 /* CFData.c */,
				1ED93E7D21E449BA00F82229 /* CFData.h */,
				1ED93E7421E449B900F82229 /* CFDate.c */,
				1ED93E5321E449B700F82229 /* CFDate.h */,
				1ED93EB121E449BF00F82229 /* CFDateFormatter.c */,
				1ED93EC221E449C000F82229 /* CFDateFormatter.h */,
				1ED93E4C21E449B700F82229 /* CFDictionary.c */,
				1ED93E2721E449B500F82229 /* CFDictionary.h */,
				1ED93E5E21E449B800F82229 /* CFError_Private.h */,
				1ED93E9921E449BD00F82229 /* CFError.c */,
				1ED93E5D21E449B800F82229 /* CFError.h */,
				1ED93E2D21E449B500F82229 /* CFFileUtilities.c */,
				1ED93E7821E449BA00F82229 /* CFICUConverters.c */,
				1ED93E6721E449B800F82229 /* CFICUConverters.h */,
				1ED93E8221E449BB00F82229 /* CFICULogging.h */,
				1ED93E4B21E449B600F82229 /* CFInternal.h */,
				1ED93E4521E449B600F82229 /* CFLocale.c */,
				1ED93E8321E449BB00F82229 /* CFLocale.h */,
				1ED93EBB21E449BF00F82229 /* CFLocaleIdentifier.c */,
				1ED93E6421E449B800F82229 /* CFLocaleInternal.h */,
				1ED93EAF21E449BE00F82229 /* CFLocaleKeys.c */,
				1ED93E6021E449B800F82229 /* CFLogUtilities.h */,
				1ED93E8B21E449BB00F82229 /* CFMachPort.c */,
				1ED93E5021E449B700F82229 /* CFMachPort.h */,
				1ED93E2B21E449B500F82229 /* CFMessagePort.c */,
				1ED93EC021E449C000F82229 /* CFMessagePort.h */,
				1ED93EB921E449BF00F82229 /* CFNumber.c */,
				1ED93E6C21E449B900F82229 /* CFNumber.h */,
				1ED93EAA21E449BE00F82229 /* CFNumberFormatter.c */,
				1ED93E5421E449B700F82229 /* CFNumberFormatter.h */,
				1ED93E7721E449BA00F82229 /* CFOldStylePList.c */,
				1ED93E9D21E449BD00F82229 /* CFPlatform.c */,
				1ED93EC521E449C000F82229 /* CFPlatformConverters.c */,
				1ED93E7C21E449BA00F82229 /* CFPlugIn_Factory.c */,
				1ED93E3D21E449B600F82229 /* CFPlugIn_Factory.h */,
				1ED93E5821E449B700F82229 /* CFPlugIn_Instance.c */,
				1ED93EA521E449BE00F82229 /* CFPlugIn_PlugIn.c */,
				1ED93EBC21E449BF00F82229 /* CFPlugIn.c */,
				1ED93E4E21E449B700F82229 /* CFPlugIn.h */,
				1ED93E5521E449B700F82229 /* CFPlugInCOM.h */,
				1ED93E5121E449B700F82229 /* CFPreferences.c */,
				1ED93E7321E449B900F82229 /* CFPreferences.h */,
				1ED93EC821E449C000F82229 /* CFPriv.h */,
				1ED93E6821E449B900F82229 /* CFPropertyList.c */,
				1ED93E9521E449BC00F82229 /* CFPropertyList.h */,
				1ED93E3221E449B500F82229 /* CFRunLoop.c */,
				1ED93E3121E449B500F82229 /* CFRunLoop.h */,
				1ED93E8C21E449BC00F82229 /* CFRuntime.c */,
				1ED93E5C21E449B800F82229 /* CFRuntime.h */,
				1ED93E9121E449BC00F82229 /* CFSet.c */,
				1ED93E2A21E449B500F82229 /* CFSet.h */,
				1ED93E9F21E449BD00F82229 /* CFSocket.c */,
				1ED93EC621E449C000F82229 /* CFSocket.h */,
				1ED93E8421E449BB00F82229 /* CFSocketStream.c */,
				1ED93EA221E449BD00F82229 /* CFSortFunctions.c */,
				1ED93EA721E449BE00F82229 /* CFStorage.c */,
				1ED93E3621E449B500F82229 /* CFStorage.h */,
				1ED93E6121E449B800F82229 /* CFStream.c */,
				1ED93E5F21E449B800F82229 /* CFStream.h */,
				1ED93E9721E449BC00F82229 /* CFStreamAbstract.h */,
				1ED93E8521E449BB00F82229 /* CFStreamInternal.h */,
				1ED93E9B21E449BD00F82229 /* CFStreamPriv.h */,
				1ED93E7921E449BA00F82229 /* CFString.c */,
				1ED93EA121E449BD00F82229 /* CFString.h */,
				1ED93E5921E449B800F82229 /* CFStringDefaultEncoding.h */,
				1ED93E3821E449B500F82229 /* CFStringEncodingConverter.c */,
				1ED93E6321E449B800F82229 /* CFStringEncodingConverter.h */,
				1ED93EB621E449BF00F82229 /* CFStringEncodingConverterExt.h */,
				1ED93E4821E449B600F82229 /* CFStringEncodingConverterPriv.h */,
				1ED93E3F21E449B600F82229 /* CFStringEncodingDatabase.c */,
				1ED93EB421E449BF00F82229 /* CFStringEncodingDatabase.h */,
				1ED93E7021E449B900F82229 /* CFStringEncodingExt.h */,
				1ED93E8121E449BA00F82229 /* CFStringEncodings.c */,
				1ED93EA321E449BD00F82229 /* CFStringScanner.c */,
				1ED93E9621E449BC00F82229 /* CFStringUtilities.c */,
				1ED93E4221E449B600F82229 /* CFSystemDirectories.c */,
				1ED93E4121E449B600F82229 /* CFTimeZone.c */,
				1ED93E3A21E449B500F82229 /* CFTimeZone.h */,
				1ED93E9421E449BC00F82229 /* CFTree.c */,
				1ED93EBF21E449C000F82229 /* CFTree.h */,
				1ED93EB521E449BF00F82229 /* CFUniChar.c */,
				1ED93EC321E449C000F82229 /* CFUniChar.h */,
				1ED93E7E21E449BA00F82229 /* CFUniCharPriv.h */,
				1ED93EC121E449C000F82229 /* CFUniCharPropertyDatabase.data */,
				1ED93E6921E449B900F82229 /* CFUnicodeData-B.mapping */,
				1ED93E4D21E449B700F82229 /* CFUnicodeData-L.mapping */,
				1ED93E2C21E449B500F82229 /* CFUnicodeDecomposition.c */,
				1ED93E3B21E449B500F82229 /* CFUnicodeDecomposition.h */,
				1ED93E3921E449B500F82229 /* CFUnicodePrecomposition.c */,
				1ED93E4321E449B600F82229 /* CFUnicodePrecomposition.h */,
				1ED93E9821E449BD00F82229 /* CFURL.c */,
				1ED93EB321E449BF00F82229 /* CFURL.h */,
				1ED93E9221E449BC00F82229 /* CFURL.inc.h */,
				1ED93EAC21E449BE00F82229 /* CFURLAccess.c */,
				1ED93EC721E449C000F82229 /* CFURLAccess.h */,
				1ED93E6D21E449B900F82229 /* CFURLPriv.h */,
				1ED93E8621E449BB00F82229 /* CFUserNotification.c */,
				1ED93E4721E449B600F82229 /* CFUserNotification.h */,
				1ED93EBD21E449C000F82229 /* CFUtilities.c */,
				1ED93E3521E449B500F82229 /* CFUtilities.h */,
				1ED93E6B21E449B900F82229 /* CFUUID.c */,
				1ED93EA621E449BE00F82229 /* CFUUID.h */,
				1ED93E8E21E449BC00F82229 /* CFVersion.c */,
				1ED93E4921E449B600F82229 /* CFWindowsUtilities.c */,
				1ED93E4A21E449B600F82229 /* CFXMLInputStream.c */,
				1ED93EA821E449BE00F82229 /* CFXMLInputStream.h */,
				1ED93E7A21E449BA00F82229 /* CFXMLNode.c */,
				1ED93EC421E449C000F82229 /* CFXMLNode.h */,
				1ED93E8A21E449BB00F82229 /* CFXMLParser.c */,
				1ED93E4F21E449B700F82229 /* CFXMLParser.h */,
				1ED93EB721E449BF00F82229 /* CFXMLPreferencesDomain.c */,
				1ED93EBE21E449C000F82229 /* CFXMLTree.c */,
				1ED93E6521E449B800F82229 /* CoreFoundation_Prefix.h */,
				1ED93E9321E449BC00F82229 /* CoreFoundation.h */,
				1ED93E5A21E449B800F82229 /* Examples */,
				1ED93E7121E449B900F82229 /* ForFoundationOnly.h */,
				1ED93EB221E449BF00F82229 /* Info.plist */,
				1ED93EA921E449BE00F82229 /* Makefile */,
				1ED93E8F21E449BC00F82229 /* MakefileLinux */,
				1ED93E6F21E449B900F82229 /* MakefileVersion */,
				1ED93EAD21E449BE00F82229 /* plconvert.c */,
				1ED93E3321E449B500F82229 /* PropertyList.dtd */,
				1ED93E5221E449B700F82229 /* README_CFLITE */,
				1ED93E4021E449B600F82229 /* SymbolAliases */,
				1ED93E6E21E449B900F82229 /* TargetConditionals.h */,
				1ED93E1F21E4499200F82229 /* main.m */,
			);
			path = CoreFoundationDemo;
			sourceTree = "<group>";
		};
		1ED93E5A21E449B800F82229 /* Examples */ = {
			isa = PBXGroup;
			children = (
				1ED93E5B21E449B800F82229 /* plconvert.c */,
			);
			path = Examples;
			sourceTree = "<group>";
		};
/* End PBXGroup section */

/* Begin PBXNativeTarget section */
		1ED93E1B21E4499200F82229 /* CoreFoundationDemo */ = {
			isa = PBXNativeTarget;
			buildConfigurationList = 1ED93E2321E4499200F82229 /* Build configuration list for PBXNativeTarget "CoreFoundationDemo" */;
			buildPhases = (
				1ED93E1821E4499200F82229 /* Sources */,
				1ED93E1921E4499200F82229 /* Frameworks */,
				1ED93E1A21E4499200F82229 /* CopyFiles */,
			);
			buildRules = (
			);
			dependencies = (
			);
			name = CoreFoundationDemo;
			productName = CoreFoundationDemo;
			productReference = 1ED93E1C21E4499200F82229 /* CoreFoundationDemo */;
			productType = "com.apple.product-type.tool";
		};
/* End PBXNativeTarget section */

/* Begin PBXProject section */
		1ED93E1421E4499200F82229 /* Project object */ = {
			isa = PBXProject;
			attributes = {
				LastUpgradeCheck = 1010;
				ORGANIZATIONNAME = hour;
				TargetAttributes = {
					1ED93E1B21E4499200F82229 = {
						CreatedOnToolsVersion = 10.1;
					};
				};
			};
			buildConfigurationList = 1ED93E1721E4499200F82229 /* Build configuration list for PBXProject "CoreFoundationDemo" */;
			compatibilityVersion = "Xcode 9.3";
			developmentRegion = en;
			hasScannedForEncodings = 0;
			knownRegions = (
				en,
			);
			mainGroup = 1ED93E1321E4499200F82229;
			productRefGroup = 1ED93E1D21E4499200F82229 /* Products */;
			projectDirPath = "";
			projectRoot = "";
			targets = (
				1ED93E1B21E4499200F82229 /* CoreFoundationDemo */,
			);
		};
/* End PBXProject section */

/* Begin PBXSourcesBuildPhase section */
		1ED93E1821E4499200F82229 /* Sources */ = {
			isa = PBXSourcesBuildPhase;
			buildActionMask = 2147483647;
			files = (
				1ED93EE121E449C000F82229 /* CFStream.c in Sources */,
				1ED93F0121E449C100F82229 /* CFBag.c in Sources */,
				1ED93EEA21E449C000F82229 /* CFArray.c in Sources */,
				1ED93EF121E449C100F82229 /* CFBundle.c in Sources */,
				1ED93EFA21E449C100F82229 /* CFURL.c in Sources */,
				1ED93EE021E449C000F82229 /* plconvert.c in Sources */,
				1ED93F0421E449C100F82229 /* Makefile in Sources */,
				1ED93F0321E449C100F82229 /* CFStorage.c in Sources */,
				1ED93EFB21E449C100F82229 /* CFError.c in Sources */,
				1ED93EDF21E449C000F82229 /* CFPlugIn_Instance.c in Sources */,
				1ED93F1221E449C100F82229 /* CFUtilities.c in Sources */,
				1ED93EEF21E449C100F82229 /* CFUserNotification.c in Sources */,
				1ED93ED121E449C000F82229 /* CFBasicHashFindBucket.m in Sources */,
				1ED93EF221E449C100F82229 /* CFXMLParser.c in Sources */,
				1ED93EFC21E449C100F82229 /* CFData.c in Sources */,
				1ED93F0B21E449C100F82229 /* CFBigNumber.c in Sources */,
				1ED93EDA21E449C000F82229 /* CFLocale.c in Sources */,
				1ED93ED721E449C000F82229 /* CFTimeZone.c in Sources */,
				1ED93EE421E449C000F82229 /* CFDate.c in Sources */,
				1ED93ECC21E449C000F82229 /* CFUnicodeDecomposition.c in Sources */,
				1ED93EE221E449C000F82229 /* CFPropertyList.c in Sources */,
				1ED93ECA21E449C000F82229 /* CFBuiltinConverters.c in Sources */,
				1ED93EE521E449C000F82229 /* CFBinaryPList.c in Sources */,
				1ED93ED521E449C000F82229 /* CFBitVector.c in Sources */,
				1ED93F0621E449C100F82229 /* CFApplicationPreferences.c in Sources */,
				1ED93ED321E449C000F82229 /* CFStringEncodingConverter.c in Sources */,
				1ED93EEB21E449C000F82229 /* CFPlugIn_Factory.c in Sources */,
				1ED93EF421E449C100F82229 /* CFRuntime.c in Sources */,
				1ED93F0C21E449C100F82229 /* CFDateFormatter.c in Sources */,
				1ED93E2021E4499200F82229 /* main.m in Sources */,
				1ED93EF821E449C100F82229 /* CFTree.c in Sources */,
				1ED93ECD21E449C000F82229 /* CFFileUtilities.c in Sources */,
				1ED93EE321E449C000F82229 /* CFUUID.c in Sources */,
				1ED93EDE21E449C000F82229 /* CFPreferences.c in Sources */,
				1ED93EDC21E449C000F82229 /* CFXMLInputStream.c in Sources */,
				1ED93EED21E449C000F82229 /* CFStringEncodings.c in Sources */,
				1ED93EF921E449C100F82229 /* CFStringUtilities.c in Sources */,
				1ED93EC921E449C000F82229 /* CFBurstTrie.c in Sources */,
				1ED93F1321E449C100F82229 /* CFXMLTree.c in Sources */,
				1ED93EEE21E449C100F82229 /* CFSocketStream.c in Sources */,
				1ED93ED921E449C000F82229 /* CFBundle_InfoPlist.c in Sources */,
				1ED93F0921E449C100F82229 /* CFBasicHash.c in Sources */,
				1ED93ED221E449C000F82229 /* CFBundle_Resources.c in Sources */,
				1ED93F1421E449C100F82229 /* CFPlatformConverters.c in Sources */,
				1ED93EF321E449C100F82229 /* CFMachPort.c in Sources */,
				1ED93F0021E449C100F82229 /* CFStringScanner.c in Sources */,
				1ED93EFD21E449C100F82229 /* CFPlatform.c in Sources */,
				1ED93ED421E449C000F82229 /* CFUnicodePrecomposition.c in Sources */,
				1ED93F0F21E449C100F82229 /* CFNumber.c in Sources */,
				1ED93EEC21E449C000F82229 /* CFCharacterSet.c in Sources */,
				1ED93EE621E449C000F82229 /* CFOldStylePList.c in Sources */,
				1ED93F1021E449C100F82229 /* CFLocaleIdentifier.c in Sources */,
				1ED93F0721E449C100F82229 /* CFURLAccess.c in Sources */,
				1ED93F0821E449C100F82229 /* plconvert.c in Sources */,
				1ED93F0D21E449C100F82229 /* CFUniChar.c in Sources */,
				1ED93EE721E449C000F82229 /* CFICUConverters.c in Sources */,
				1ED93EE821E449C000F82229 /* CFString.c in Sources */,
				1ED93F0221E449C100F82229 /* CFPlugIn_PlugIn.c in Sources */,
				1ED93ECF21E449C000F82229 /* CFBase.c in Sources */,
				1ED93ED021E449C000F82229 /* CFRunLoop.c in Sources */,
				1ED93ED621E449C000F82229 /* CFStringEncodingDatabase.c in Sources */,
				1ED93ED821E449C000F82229 /* CFSystemDirectories.c in Sources */,
				1ED93F0A21E449C100F82229 /* CFLocaleKeys.c in Sources */,
				1ED93EDD21E449C000F82229 /* CFDictionary.c in Sources */,
				1ED93F1121E449C100F82229 /* CFPlugIn.c in Sources */,
				1ED93EFE21E449C100F82229 /* CFSocket.c in Sources */,
				1ED93EDB21E449C000F82229 /* CFWindowsUtilities.c in Sources */,
				1ED93ECE21E449C000F82229 /* CFConcreteStreams.c in Sources */,
				1ED93F0521E449C100F82229 /* CFNumberFormatter.c in Sources */,
				1ED93F0E21E449C100F82229 /* CFXMLPreferencesDomain.c in Sources */,
				1ED93EE921E449C000F82229 /* CFXMLNode.c in Sources */,
				1ED93EF621E449C100F82229 /* CFBinaryHeap.c in Sources */,
				1ED93EF021E449C100F82229 /* CFCalendar.c in Sources */,
				1ED93EFF21E449C100F82229 /* CFSortFunctions.c in Sources */,
				1ED93EF721E449C100F82229 /* CFSet.c in Sources */,
				1ED93ECB21E449C000F82229 /* CFMessagePort.c in Sources */,
				1ED93EF521E449C100F82229 /* CFVersion.c in Sources */,
			);
			runOnlyForDeploymentPostprocessing = 0;
		};
/* End PBXSourcesBuildPhase section */

/* Begin XCBuildConfiguration section */
		1ED93E2121E4499200F82229 /* Debug */ = {
			isa = XCBuildConfiguration;
			buildSettings = {
				ALWAYS_SEARCH_USER_PATHS = NO;
				CLANG_ANALYZER_NONNULL = YES;
				CLANG_ANALYZER_NUMBER_OBJECT_CONVERSION = YES_AGGRESSIVE;
				CLANG_CXX_LANGUAGE_STANDARD = "gnu++14";
				CLANG_CXX_LIBRARY = "libc++";
				CLANG_ENABLE_MODULES = YES;
				CLANG_ENABLE_OBJC_ARC = YES;
				CLANG_ENABLE_OBJC_WEAK = YES;
				CLANG_WARN_BLOCK_CAPTURE_AUTORELEASING = YES;
				CLANG_WARN_BOOL_CONVERSION = YES;
				CLANG_WARN_COMMA = YES;
				CLANG_WARN_CONSTANT_CONVERSION = YES;
				CLANG_WARN_DEPRECATED_OBJC_IMPLEMENTATIONS = YES;
				CLANG_WARN_DIRECT_OBJC_ISA_USAGE = YES_ERROR;
				CLANG_WARN_DOCUMENTATION_COMMENTS = YES;
				CLANG_WARN_EMPTY_BODY = YES;
				CLANG_WARN_ENUM_CONVERSION = YES;
				CLANG_WARN_INFINITE_RECURSION = YES;
				CLANG_WARN_INT_CONVERSION = YES;
				CLANG_WARN_NON_LITERAL_NULL_CONVERSION = YES;
				CLANG_WARN_OBJC_IMPLICIT_RETAIN_SELF = YES;
				CLANG_WARN_OBJC_LITERAL_CONVERSION = YES;
				CLANG_WARN_OBJC_ROOT_CLASS = YES_ERROR;
				CLANG_WARN_RANGE_LOOP_ANALYSIS = YES;
				CLANG_WARN_STRICT_PROTOTYPES = YES;
				CLANG_WARN_SUSPICIOUS_MOVE = YES;
				CLANG_WARN_UNGUARDED_AVAILABILITY = YES_AGGRESSIVE;
				CLANG_WARN_UNREACHABLE_CODE = YES;
				CLANG_WARN__DUPLICATE_METHOD_MATCH = YES;
				CODE_SIGN_IDENTITY = "-";
				COPY_PHASE_STRIP = NO;
				DEBUG_INFORMATION_FORMAT = dwarf;
				ENABLE_STRICT_OBJC_MSGSEND = YES;
				ENABLE_TESTABILITY = YES;
				GCC_C_LANGUAGE_STANDARD = gnu11;
				GCC_DYNAMIC_NO_PIC = NO;
				GCC_NO_COMMON_BLOCKS = YES;
				GCC_OPTIMIZATION_LEVEL = 0;
				GCC_PREPROCESSOR_DEFINITIONS = (
					"DEBUG=1",
					"$(inherited)",
				);
				GCC_WARN_64_TO_32_BIT_CONVERSION = YES;
				GCC_WARN_ABOUT_RETURN_TYPE = YES_ERROR;
				GCC_WARN_UNDECLARED_SELECTOR = YES;
				GCC_WARN_UNINITIALIZED_AUTOS = YES_AGGRESSIVE;
				GCC_WARN_UNUSED_FUNCTION = YES;
				GCC_WARN_UNUSED_VARIABLE = YES;
				MACOSX_DEPLOYMENT_TARGET = 10.14;
				MTL_ENABLE_DEBUG_INFO = INCLUDE_SOURCE;
				MTL_FAST_MATH = YES;
				ONLY_ACTIVE_ARCH = YES;
				SDKROOT = macosx;
			};
			name = Debug;
		};
		1ED93E2221E4499200F82229 /* Release */ = {
			isa = XCBuildConfiguration;
			buildSettings = {
				ALWAYS_SEARCH_USER_PATHS = NO;
				CLANG_ANALYZER_NONNULL = YES;
				CLANG_ANALYZER_NUMBER_OBJECT_CONVERSION = YES_AGGRESSIVE;
				CLANG_CXX_LANGUAGE_STANDARD = "gnu++14";
				CLANG_CXX_LIBRARY = "libc++";
				CLANG_ENABLE_MODULES = YES;
				CLANG_ENABLE_OBJC_ARC = YES;
				CLANG_ENABLE_OBJC_WEAK = YES;
				CLANG_WARN_BLOCK_CAPTURE_AUTORELEASING = YES;
				CLANG_WARN_BOOL_CONVERSION = YES;
				CLANG_WARN_COMMA = YES;
				CLANG_WARN_CONSTANT_CONVERSION = YES;
				CLANG_WARN_DEPRECATED_OBJC_IMPLEMENTATIONS = YES;
				CLANG_WARN_DIRECT_OBJC_ISA_USAGE = YES_ERROR;
				CLANG_WARN_DOCUMENTATION_COMMENTS = YES;
				CLANG_WARN_EMPTY_BODY = YES;
				CLANG_WARN_ENUM_CONVERSION = YES;
				CLANG_WARN_INFINITE_RECURSION = YES;
				CLANG_WARN_INT_CONVERSION = YES;
				CLANG_WARN_NON_LITERAL_NULL_CONVERSION = YES;
				CLANG_WARN_OBJC_IMPLICIT_RETAIN_SELF = YES;
				CLANG_WARN_OBJC_LITERAL_CONVERSION = YES;
				CLANG_WARN_OBJC_ROOT_CLASS = YES_ERROR;
				CLANG_WARN_RANGE_LOOP_ANALYSIS = YES;
				CLANG_WARN_STRICT_PROTOTYPES = YES;
				CLANG_WARN_SUSPICIOUS_MOVE = YES;
				CLANG_WARN_UNGUARDED_AVAILABILITY = YES_AGGRESSIVE;
				CLANG_WARN_UNREACHABLE_CODE = YES;
				CLANG_WARN__DUPLICATE_METHOD_MATCH = YES;
				CODE_SIGN_IDENTITY = "-";
				COPY_PHASE_STRIP = NO;
				DEBUG_INFORMATION_FORMAT = "dwarf-with-dsym";
				ENABLE_NS_ASSERTIONS = NO;
				ENABLE_STRICT_OBJC_MSGSEND = YES;
				GCC_C_LANGUAGE_STANDARD = gnu11;
				GCC_NO_COMMON_BLOCKS = YES;
				GCC_WARN_64_TO_32_BIT_CONVERSION = YES;
				GCC_WARN_ABOUT_RETURN_TYPE = YES_ERROR;
				GCC_WARN_UNDECLARED_SELECTOR = YES;
				GCC_WARN_UNINITIALIZED_AUTOS = YES_AGGRESSIVE;
				GCC_WARN_UNUSED_FUNCTION = YES;
				GCC_WARN_UNUSED_VARIABLE = YES;
				MACOSX_DEPLOYMENT_TARGET = 10.14;
				MTL_ENABLE_DEBUG_INFO = NO;
				MTL_FAST_MATH = YES;
				SDKROOT = macosx;
			};
			name = Release;
		};
		1ED93E2421E4499200F82229 /* Debug */ = {
			isa = XCBuildConfiguration;
			buildSettings = {
				CODE_SIGN_STYLE = Automatic;
				PRODUCT_NAME = "$(TARGET_NAME)";
			};
			name = Debug;
		};
		1ED93E2521E4499200F82229 /* Release */ = {
			isa = XCBuildConfiguration;
			buildSettings = {
				CODE_SIGN_STYLE = Automatic;
				PRODUCT_NAME = "$(TARGET_NAME)";
			};
			name = Release;
		};
/* End XCBuildConfiguration section */

/* Begin XCConfigurationList section */
		1ED93E1721E4499200F82229 /* Build configuration list for PBXProject "CoreFoundationDemo" */ = {
			isa = XCConfigurationList;
			buildConfigurations = (
				1ED93E2121E4499200F82229 /* Debug */,
				1ED93E2221E4499200F82229 /* Release */,
			);
			defaultConfigurationIsVisible = 0;
			defaultConfigurationName = Release;
		};
		1ED93E2321E4499200F82229 /* Build configuration list for PBXNativeTarget "CoreFoundationDemo" */ = {
			isa = XCConfigurationList;
			buildConfigurations = (
				1ED93E2421E4499200F82229 /* Debug */,
				1ED93E2521E4499200F82229 /* Release */,
			);
			defaultConfigurationIsVisible = 0;
			defaultConfigurationName = Release;
		};
/* End XCConfigurationList section */
	};
	rootObject = 1ED93E1421E4499200F82229 /* Project object */;
}
